<?xml version="1.0" encoding="utf-8"?>
<Project ToolsVersion="4.0" xmlns="http://schemas.microsoft.com/developer/msbuild/2003">
  <ItemGroup>
    <Filter Include="Source">
      <UniqueIdentifier>{4FC737F1-C7A5-4376-A066-2A32D752A2FF}</UniqueIdentifier>
      <Extensions>cpp;c;cc;cxx;def;odl;idl;hpj;bat;asm;asmx</Extensions>
    </Filter>
    <Filter Include="Resource">
      <UniqueIdentifier>{67DA6AB6-F800-4c08-8B7A-83BB121AAD01}</UniqueIdentifier>
      <Extensions>rc;ico;cur;bmp;dlg;rc2;rct;bin;rgs;gif;jpg;jpeg;jpe;resx;tiff;tif;png;wav;mfcribbon-ms</Extensions>
    </Filter>
    <Filter Include="Header">
      <UniqueIdentifier>{93995380-89BD-4b04-88EB-625FBE52EBFB}</UniqueIdentifier>
      <Extensions>h;hh;hpp;hxx;hm;inl;inc;xsd</Extensions>
    </Filter>
  </ItemGroup>
  <ItemGroup>
    <ClCompile Include="MainForm.cpp">
      <Filter>Source</Filter>
    </ClCompile>
    <ClCompile Include="WinMate.cpp">
      <Filter>Source</Filter>
    </ClCompile>
    <ClCompile Include="EntryButton.cpp">
      <Filter>Source</Filter>
    </ClCompile>
    <ClCompile Include="WindowWatch.cpp">
      <Filter>Source</Filter>
    </ClCompile>
    <ClCompile Include="LayeredFormUtil.cpp">
      <Filter>Source</Filter>
    </ClCompile>
    <ClCompile Include="ModInfo.cpp">
      <Filter>Source</Filter>
    </ClCompile>
    <ClCompile Include="ModToolbox.cpp">
      <Filter>Source</Filter>
    </ClCompile>
    <ClCompile Include="Common.cpp">
      <Filter>Source</Filter>
    </ClCompile>
  </ItemGroup>
  <ItemGroup>
    <ClInclude Include="MainForm.h">
      <Filter>Header</Filter>
    </ClInclude>
    <ClInclude Include="EntryButton.h">
      <Filter>Header</Filter>
    </ClInclude>
    <ClInclude Include="WindowWatch.h">
      <Filter>Header</Filter>
    </ClInclude>
    <ClInclude Include="LayeredFormUtil.h">
      <Filter>Header</Filter>
    </ClInclude>
    <ClInclude Include="resource.h">
      <Filter>Header</Filter>
    </ClInclude>
    <ClInclude Include="ModInfo.h">
      <Filter>Header</Filter>
    </ClInclude>
    <ClInclude Include="Common.h">
      <Filter>Header</Filter>
    </ClInclude>
    <ClInclude Include="ModToolbox.h">
      <Filter>Header</Filter>
    </ClInclude>
  </ItemGroup>
  <ItemGroup>
    <ResourceCompile Include="WinMate.rc">
      <Filter>Resource</Filter>
    </ResourceCompile>
  </ItemGroup>
  <ItemGroup>
    <EmbeddedResource Include="EntryButton.resx">
      <Filter>Resource</Filter>
    </EmbeddedResource>
    <EmbeddedResource Include="MainForm.resx">
      <Filter>Resource</Filter>
    </EmbeddedResource>
    <EmbeddedResource Include="ModToolbox.resx">
      <Filter>Resource</Filter>
    </EmbeddedResource>
  </ItemGroup>
  <ItemGroup>
    <None Include="default1.bin">
      <Filter>Resource</Filter>
    </None>
    <None Include="design\alternat.bin">
      <Filter>Resource</Filter>
    </None>
  </ItemGroup>
  <ItemGroup>
    <Image Include="UI\hover.png">
      <Filter>Resource</Filter>
    </Image>
    <Image Include="UI\normal.png">
      <Filter>Resource</Filter>
    </Image>
    <Image Include="Design\Icon.ico">
      <Filter>Resource</Filter>
    </Image>
  </ItemGroup>
</Project>